// !$*UTF8*$!
{
	archiveVersion = 1;
	classes = {
	};
	objectVersion = 50;
	objects = {

/* Begin PBXBuildFile section */
		AF84821223B47BF500083BE0 /* AppDelegate.swift in Sources */ = {isa = PBXBuildFile; fileRef = AF84821123B47BF500083BE0 /* AppDelegate.swift */; };
		AF84821423B47BF500083BE0 /* SceneDelegate.swift in Sources */ = {isa = PBXBuildFile; fileRef = AF84821323B47BF500083BE0 /* SceneDelegate.swift */; };
		AF84821623B47BF500083BE0 /* LandingTabView.swift in Sources */ = {isa = PBXBuildFile; fileRef = AF84821523B47BF500083BE0 /* LandingTabView.swift */; };
		AF84821823B47BF900083BE0 /* Assets.xcassets in Resources */ = {isa = PBXBuildFile; fileRef = AF84821723B47BF900083BE0 /* Assets.xcassets */; };
		AF84821B23B47BF900083BE0 /* Preview Assets.xcassets in Resources */ = {isa = PBXBuildFile; fileRef = AF84821A23B47BF900083BE0 /* Preview Assets.xcassets */; };
		AF84821E23B47BF900083BE0 /* LaunchScreen.storyboard in Resources */ = {isa = PBXBuildFile; fileRef = AF84821C23B47BF900083BE0 /* LaunchScreen.storyboard */; };
/* End PBXBuildFile section */

/* Begin PBXFileReference section */
		AF84820E23B47BF500083BE0 /* SpecialTabView.app */ = {isa = PBXFileReference; explicitFileType = wrapper.application; includeInIndex = 0; path = SpecialTabView.app; sourceTree = BUILT_PRODUCTS_DIR; };
		AF84821123B47BF500083BE0 /* AppDelegate.swift */ = {isa = PBXFileReference; lastKnownFileType = sourcecode.swift; path = AppDelegate.swift; sourceTree = "<group>"; };
		AF84821323B47BF500083BE0 /* SceneDelegate.swift */ = {isa = PBXFileReference; lastKnownFileType = sourcecode.swift; path = SceneDelegate.swift; sourceTree = "<group>"; };
		AF84821523B47BF500083BE0 /* LandingTabView.swift */ = {isa = PBXFileReference; lastKnownFileType = sourcecode.swift; path = LandingTabView.swift; sourceTree = "<group>"; };
		AF84821723B47BF900083BE0 /* Assets.xcassets */ = {isa = PBXFileReference; lastKnownFileType = folder.assetcatalog; path = Assets.xcassets; sourceTree = "<group>"; };
		AF84821A23B47BF900083BE0 /* Preview Assets.xcassets */ = {isa = PBXFileReference; lastKnownFileType = folder.assetcatalog; path = "Preview Assets.xcassets"; sourceTree = "<group>"; };
		AF84821D23B47BF900083BE0 /* Base */ = {isa = PBXFileReference; lastKnownFileType = file.storyboard; name = Base; path = Base.lproj/LaunchScreen.storyboard; sourceTree = "<group>"; };
		AF84821F23B47BF900083BE0 /* Info.plist */ = {isa = PBXFileReference; lastKnownFileType = text.plist.xml; path = Info.plist; sourceTree = "<group>"; };
/* End PBXFileReference section */

/* Begin PBXFrameworksBuildPhase section */
		AF84820B23B47BF500083BE0 /* Frameworks */ = {
			isa = PBXFrameworksBuildPhase;
			buildActionMask = 2147483647;
			files = (
			);
			runOnlyForDeploymentPostprocessing = 0;
		};
/* End PBXFrameworksBuildPhase section */

/* Begin PBXGroup section */
		AF84820523B47BF500083BE0 = {
			isa = PBXGroup;
			children = (
				AF84821023B47BF500083BE0 /* SpecialTabView */,
				AF84820F23B47BF500083BE0 /* Products */,
			);
			sourceTree = "<group>";
		};
		AF84820F23B47BF500083BE0 /* Products */ = {
			isa = PBXGroup;
			children = (
				AF84820E23B47BF500083BE0 /* SpecialTabView.app */,
			);
			name = Products;
			sourceTree = "<group>";
		};
		AF84821023B47BF500083BE0 /* SpecialTabView */ = {
			isa = PBXGroup;
			children = (
				AF84821123B47BF500083BE0 /* AppDelegate.swift */,
				AF84821323B47BF500083BE0 /* SceneDelegate.swift */,
				AF84821523B47BF500083BE0 /* LandingTabView.swift */,
				AF84821723B47BF900083BE0 /* Assets.xcassets */,
				AF84821C23B47BF900083BE0 /* LaunchScreen.storyboard */,
				AF84821F23B47BF900083BE0 /* Info.plist */,
				AF84821923B47BF900083BE0 /* Preview Content */,
			);
			path = SpecialTabView;
			sourceTree = "<group>";
		};
		AF84821923B47BF900083BE0 /* Preview Content */ = {
			isa = PBXGroup;
			children = (
				AF84821A23B47BF900083BE0 /* Preview Assets.xcassets */,
			);
			path = "Preview Content";
			sourceTree = "<group>";
		};
/* End PBXGroup section */

/* Begin PBXNativeTarget section */
		AF84820D23B47BF500083BE0 /* SpecialTabView */ = {
			isa = PBXNativeTarget;
			buildConfigurationList = AF84822223B47BF900083BE0 /* Build configuration list for PBXNativeTarget "SpecialTabView" */;
			buildPhases = (
				AF84820A23B47BF500083BE0 /* Sources */,
				AF84820B23B47BF500083BE0 /* Frameworks */,
				AF84820C23B47BF500083BE0 /* Resources */,
			);
			buildRules = (
			);
			dependencies = (
			);
			name = SpecialTabView;
			productName = SpecialTabView;
			productReference = AF84820E23B47BF500083BE0 /* SpecialTabView.app */;
			productType = "com.apple.product-type.application";
		};
/* End PBXNativeTarget section */

/* Begin PBXProject section */
		AF84820623B47BF500083BE0 /* Project object */ = {
			isa = PBXProject;
			attributes = {
				LastSwiftUpdateCheck = 1120;
				LastUpgradeCheck = 1120;
				ORGANIZATIONNAME = "Mufakkharul Islam Nayem";
				TargetAttributes = {
					AF84820D23B47BF500083BE0 = {
						CreatedOnToolsVersion = 11.2.1;
					};
				};
			};
			buildConfigurationList = AF84820923B47BF500083BE0 /* Build configuration list for PBXProject "SpecialTabView" */;
			compatibilityVersion = "Xcode 9.3";
			developmentRegion = en;
			hasScannedForEncodings = 0;
			knownRegions = (
				en,
				Base,
			);
			mainGroup = AF84820523B47BF500083BE0;
			productRefGroup = AF84820F23B47BF500083BE0 /* Products */;
			projectDirPath = "";
			projectRoot = "";
			targets = (
				AF84820D23B47BF500083BE0 /* SpecialTabView */,
			);
		};
/* End PBXProject section */

/* Begin PBXResourcesBuildPhase section */
		AF84820C23B47BF500083BE0 /* Resources */ = {
			isa = PBXResourcesBuildPhase;
			buildActionMask = 2147483647;
			files = (
				AF84821E23B47BF900083BE0 /* LaunchScreen.storyboard in Resources */,
				AF84821B23B47BF900083BE0 /* Preview Assets.xcassets in Resources */,
				AF84821823B47BF900083BE0 /* Assets.xcassets in Resources */,
			);
			runOnlyForDeploymentPostprocessing = 0;
		};
/* End PBXResourcesBuildPhase section */

/* Begin PBXSourcesBuildPhase section */
		AF84820A23B47BF500083BE0 /* Sources */ = {
			isa = PBXSourcesBuildPhase;
			buildActionMask = 2147483647;
			files = (
				AF84821223B47BF500083BE0 /* AppDelegate.swift in Sources */,
				AF84821423B47BF500083BE0 /* SceneDelegate.swift in Sources */,
				AF84821623B47BF500083BE0 /* LandingTabView.swift in Sources */,
			);
			runOnlyForDeploymentPostprocessing = 0;
		};
/* End PBXSourcesBuildPhase section */

/* Begin PBXVariantGroup section */
		AF84821C23B47BF900083BE0 /* LaunchScreen.storyboard */ = {
			isa = PBXVariantGroup;
			children = (
				AF84821D23B47BF900083BE0 /* Base */,
			);
			name = LaunchScreen.storyboard;
			sourceTree = "<group>";
		};
/* End PBXVariantGroup section */

/* Begin XCBuildConfiguration section */
		AF84822023B47BF900083BE0 /* Debug */ = {
			isa = XCBuildConfiguration;
			buildSettings = {
				ALWAYS_SEARCH_USER_PATHS = NO;
				CLANG_ANALYZER_NONNULL = YES;
				CLANG_ANALYZER_NUMBER_OBJECT_CONVERSION = YES_AGGRESSIVE;
				CLANG_CXX_LANGUAGE_STANDARD = "gnu++14";
				CLANG_CXX_LIBRARY = "libc++";
				CLANG_ENABLE_MODULES = YES;
				CLANG_ENABLE_OBJC_ARC = YES;
				CLANG_ENABLE_OBJC_WEAK = YES;
				CLANG_WARN_BLOCK_CAPTURE_AUTORELEASING = YES;
				CLANG_WARN_BOOL_CONVERSION = YES;
				CLANG_WARN_COMMA = YES;
				CLANG_WARN_CONSTANT_CONVERSION = YES;
				CLANG_WARN_DEPRECATED_OBJC_IMPLEMENTATIONS = YES;
				CLANG_WARN_DIRECT_OBJC_ISA_USAGE = YES_ERROR;
				CLANG_WARN_DOCUMENTATION_COMMENTS = YES;
				CLANG_WARN_EMPTY_BODY = YES;
				CLANG_WARN_ENUM_CONVERSION = YES;
				CLANG_WARN_INFINITE_RECURSION = YES;
				CLANG_WARN_INT_CONVERSION = YES;
				CLANG_WARN_NON_LITERAL_NULL_CONVERSION = YES;
				CLANG_WARN_OBJC_IMPLICIT_RETAIN_SELF = YES;
				CLANG_WARN_OBJC_LITERAL_CONVERSION = YES;
				CLANG_WARN_OBJC_ROOT_CLASS = YES_ERROR;
				CLANG_WARN_RANGE_LOOP_ANALYSIS = YES;
				CLANG_WARN_STRICT_PROTOTYPES = YES;
				CLANG_WARN_SUSPICIOUS_MOVE = YES;
				CLANG_WARN_UNGUARDED_AVAILABILITY = YES_AGGRESSIVE;
				CLANG_WARN_UNREACHABLE_CODE = YES;
				CLANG_WARN__DUPLICATE_METHOD_MATCH = YES;
				COPY_PHASE_STRIP = NO;
				DEBUG_INFORMATION_FORMAT = dwarf;
				ENABLE_STRICT_OBJC_MSGSEND = YES;
				ENABLE_TESTABILITY = YES;
				GCC_C_LANGUAGE_STANDARD = gnu11;
				GCC_DYNAMIC_NO_PIC = NO;
				GCC_NO_COMMON_BLOCKS = YES;
				GCC_OPTIMIZATION_LEVEL = 0;
				GCC_PREPROCESSOR_DEFINITIONS = (
					"DEBUG=1",
					"$(inherited)",
				);
				GCC_WARN_64_TO_32_BIT_CONVERSION = YES;
				GCC_WARN_ABOUT_RETURN_TYPE = YES_ERROR;
				GCC_WARN_UNDECLARED_SELECTOR = YES;
				GCC_WARN_UNINITIALIZED_AUTOS = YES_AGGRESSIVE;
				GCC_WARN_UNUSED_FUNCTION = YES;
				GCC_WARN_UNUSED_VARIABLE = YES;
				IPHONEOS_DEPLOYMENT_TARGET = 13.2;
				MTL_ENABLE_DEBUG_INFO = INCLUDE_SOURCE;
				MTL_FAST_MATH = YES;
				ONLY_ACTIVE_ARCH = YES;
				SDKROOT = iphoneos;
				SWIFT_ACTIVE_COMPILATION_CONDITIONS = DEBUG;
				SWIFT_OPTIMIZATION_LEVEL = "-Onone";
			};
			name = Debug;
		};
		AF84822123B47BF900083BE0 /* Release */ = {
			isa = XCBuildConfiguration;
			buildSettings = {
				ALWAYS_SEARCH_USER_PATHS = NO;
				CLANG_ANALYZER_NONNULL = YES;
				CLANG_ANALYZER_NUMBER_OBJECT_CONVERSION = YES_AGGRESSIVE;
				CLANG_CXX_LANGUAGE_STANDARD = "gnu++14";
				CLANG_CXX_LIBRARY = "libc++";
				CLANG_ENABLE_MODULES = YES;
				CLANG_ENABLE_OBJC_ARC = YES;
				CLANG_ENABLE_OBJC_WEAK = YES;
				CLANG_WARN_BLOCK_CAPTURE_AUTORELEASING = YES;
				CLANG_WARN_BOOL_CONVERSION = YES;
				CLANG_WARN_COMMA = YES;
				CLANG_WARN_CONSTANT_CONVERSION = YES;
				CLANG_WARN_DEPRECATED_OBJC_IMPLEMENTATIONS = YES;
				CLANG_WARN_DIRECT_OBJC_ISA_USAGE = YES_ERROR;
				CLANG_WARN_DOCUMENTATION_COMMENTS = YES;
				CLANG_WARN_EMPTY_BODY = YES;
				CLANG_WARN_ENUM_CONVERSION = YES;
				CLANG_WARN_INFINITE_RECURSION = YES;
				CLANG_WARN_INT_CONVERSION = YES;
				CLANG_WARN_NON_LITERAL_NULL_CONVERSION = YES;
				CLANG_WARN_OBJC_IMPLICIT_RETAIN_SELF = YES;
				CLANG_WARN_OBJC_LITERAL_CONVERSION = YES;
				CLANG_WARN_OBJC_ROOT_CLASS = YES_ERROR;
				CLANG_WARN_RANGE_LOOP_ANALYSIS = YES;
				CLANG_WARN_STRICT_PROTOTYPES = YES;
				CLANG_WARN_SUSPICIOUS_MOVE = YES;
				CLANG_WARN_UNGUARDED_AVAILABILITY = YES_AGGRESSIVE;
				CLANG_WARN_UNREACHABLE_CODE = YES;
				CLANG_WARN__DUPLICATE_METHOD_MATCH = YES;
				COPY_PHASE_STRIP = NO;
				DEBUG_INFORMATION_FORMAT = "dwarf-with-dsym";
				ENABLE_NS_ASSERTIONS = NO;
				ENABLE_STRICT_OBJC_MSGSEND = YES;
				GCC_C_LANGUAGE_STANDARD = gnu11;
				GCC_NO_COMMON_BLOCKS = YES;
				GCC_WARN_64_TO_32_BIT_CONVERSION = YES;
				GCC_WARN_ABOUT_RETURN_TYPE = YES_ERROR;
				GCC_WARN_UNDECLARED_SELECTOR = YES;
				GCC_WARN_UNINITIALIZED_AUTOS = YES_AGGRESSIVE;
				GCC_WARN_UNUSED_FUNCTION = YES;
				GCC_WARN_UNUSED_VARIABLE = YES;
				IPHONEOS_DEPLOYMENT_TARGET = 13.2;
				MTL_ENABLE_DEBUG_INFO = NO;
				MTL_FAST_MATH = YES;
				SDKROOT = iphoneos;
				SWIFT_COMPILATION_MODE = wholemodule;
				SWIFT_OPTIMIZATION_LEVEL = "-O";
				VALIDATE_PRODUCT = YES;
			};
			name = Release;
		};
		AF84822323B47BF900083BE0 /* Debug */ = {
			isa = XCBuildConfiguration;
			buildSettings = {
				ASSETCATALOG_COMPILER_APPICON_NAME = AppIcon;
				CODE_SIGN_STYLE = Automatic;
				DEVELOPMENT_ASSET_PATHS = "\"SpecialTabView/Preview Content\"";
				DEVELOPMENT_TEAM = P9N6Y48D77;
				ENABLE_PREVIEWS = YES;
				INFOPLIST_FILE = SpecialTabView/Info.plist;
				LD_RUNPATH_SEARCH_PATHS = (
					"$(inherited)",
					"@executable_path/Frameworks",
				);
				PRODUCT_BUNDLE_IDENTIFIER = com.nayem.SpecialTabView;
				PRODUCT_NAME = "$(TARGET_NAME)";
				SWIFT_VERSION = 5.0;
				TARGETED_DEVICE_FAMILY = "1,2";
			};
			name = Debug;
		};
		AF84822423B47BF900083BE0 /* Release */ = {
			isa = XCBuildConfiguration;
			buildSettings = {
				ASSETCATALOG_COMPILER_APPICON_NAME = AppIcon;
				CODE_SIGN_STYLE = Automatic;
				DEVELOPMENT_ASSET_PATHS = "\"SpecialTabView/Preview Content\"";
				DEVELOPMENT_TEAM = P9N6Y48D77;
				ENABLE_PREVIEWS = YES;
				INFOPLIST_FILE = SpecialTabView/Info.plist;
				LD_RUNPATH_SEARCH_PATHS = (
					"$(inherited)",
					"@executable_path/Frameworks",
				);
				PRODUCT_BUNDLE_IDENTIFIER = com.nayem.SpecialTabView;
				PRODUCT_NAME = "$(TARGET_NAME)";
				SWIFT_VERSION = 5.0;
				TARGETED_DEVICE_FAMILY = "1,2";
			};
			name = Release;
		};
/* End XCBuildConfiguration section */

/* Begin XCConfigurationList section */
		AF84820923B47BF500083BE0 /* Build configuration list for PBXProject "SpecialTabView" */ = {
			isa = XCConfigurationList;
			buildConfigurations = (
				AF84822023B47BF900083BE0 /* Debug */,
				AF84822123B47BF900083BE0 /* Release */,
			);
			defaultConfigurationIsVisible = 0;
			defaultConfigurationName = Release;
		};
		AF84822223B47BF900083BE0 /* Build configuration list for PBXNativeTarget "SpecialTabView" */ = {
			isa = XCConfigurationList;
			buildConfigurations = (
				AF84822323B47BF900083BE0 /* Debug */,
				AF84822423B47BF900083BE0 /* Release */,
			);
			defaultConfigurationIsVisible = 0;
			defaultConfigurationName = Release;
		};
/* End XCConfigurationList section */
	};
	rootObject = AF84820623B47BF500083BE0 /* Project object */;
}
